
Microsoft Visual Studio Solution File, Format Version 12.00
# Visual Studio Version 17
VisualStudioVersion = 17.11.35327.3
MinimumVisualStudioVersion = 10.0.40219.1
Project("{FAE04EC0-301F-11D3-BF4B-00C04F79EFBC}") = "Linear Algebra Project", "Linear Algebra Project.csproj", "{F399766A-CE4D-4547-BAC5-D3FD637858D8}"
EndProject
Global
	GlobalSection(SolutionConfigurationPlatforms) = preSolution
		Debug|Any CPU = Debug|Any CPU
		Release|Any CPU = Release|Any CPU
	EndGlobalSection
	GlobalSection(ProjectConfigurationPlatforms) = postSolution
		{F399766A-CE4D-4547-BAC5-D3FD637858D8}.Debug|Any CPU.ActiveCfg = Debug|Any CPU
		{F399766A-CE4D-4547-BAC5-D3FD637858D8}.Debug|Any CPU.Build.0 = Debug|Any CPU
		{F399766A-CE4D-4547-BAC5-D3FD637858D8}.Release|Any CPU.ActiveCfg = Release|Any CPU
		{F399766A-CE4D-4547-BAC5-D3FD637858D8}.Release|Any CPU.Build.0 = Release|Any CPU
	EndGlobalSection
	GlobalSection(SolutionProperties) = preSolution
		HideSolutionNode = FALSE
	EndGlobalSection
	GlobalSection(ExtensibilityGlobals) = postSolution
		SolutionGuid = {8D3E75A9-7B69-4271-955D-4823A0F0E53D}
	EndGlobalSection
EndGlobal
